
Microsoft Visual Studio Solution File, Format Version 12.00
# Visual Studio Version 17
VisualStudioVersion = 17.8.34511.84
MinimumVisualStudioVersion = 10.0.40219.1
Project("{FAE04EC0-301F-11D3-BF4B-00C04F79EFBC}") = "aspnetangularsocialsite.Server", "aspnetangularsocialsite.Server\aspnetangularsocialsite.Server.csproj", "{33EC815B-4CF2-44A9-94F8-954D2C6BA092}"
EndProject
Project("{54A90642-561A-4BB1-A94E-469ADEE60C69}") = "aspnetangularsocialsite.client", "aspnetangularsocialsite.client\aspnetangularsocialsite.client.esproj", "{F900CA1E-D4B5-409B-A3BF-8D295EBDF143}"
EndProject
Global
	GlobalSection(SolutionConfigurationPlatforms) = preSolution
		Debug|Any CPU = Debug|Any CPU
		Release|Any CPU = Release|Any CPU
	EndGlobalSection
	GlobalSection(ProjectConfigurationPlatforms) = postSolution
		{33EC815B-4CF2-44A9-94F8-954D2C6BA092}.Debug|Any CPU.ActiveCfg = Debug|Any CPU
		{33EC815B-4CF2-44A9-94F8-954D2C6BA092}.Debug|Any CPU.Build.0 = Debug|Any CPU
		{33EC815B-4CF2-44A9-94F8-954D2C6BA092}.Release|Any CPU.ActiveCfg = Release|Any CPU
		{33EC815B-4CF2-44A9-94F8-954D2C6BA092}.Release|Any CPU.Build.0 = Release|Any CPU
		{F900CA1E-D4B5-409B-A3BF-8D295EBDF143}.Debug|Any CPU.ActiveCfg = Debug|Any CPU
		{F900CA1E-D4B5-409B-A3BF-8D295EBDF143}.Debug|Any CPU.Build.0 = Debug|Any CPU
		{F900CA1E-D4B5-409B-A3BF-8D295EBDF143}.Debug|Any CPU.Deploy.0 = Debug|Any CPU
		{F900CA1E-D4B5-409B-A3BF-8D295EBDF143}.Release|Any CPU.ActiveCfg = Release|Any CPU
		{F900CA1E-D4B5-409B-A3BF-8D295EBDF143}.Release|Any CPU.Build.0 = Release|Any CPU
		{F900CA1E-D4B5-409B-A3BF-8D295EBDF143}.Release|Any CPU.Deploy.0 = Release|Any CPU
	EndGlobalSection
	GlobalSection(SolutionProperties) = preSolution
		HideSolutionNode = FALSE
	EndGlobalSection
	GlobalSection(ExtensibilityGlobals) = postSolution
		SolutionGuid = {1D9D1803-396B-4A92-BF2A-76FB1A844216}
	EndGlobalSection
EndGlobal
